github.com/MeztliRA/yon v1.2.1 h1:DqJP1qceSxoxfKqEqwEUfpWlqDe8/9CFKwxaSWQsUqA=
github.com/MeztliRA/yon v1.2.1/go.mod h1:mFYWxCIiuNqL8PbtDAr9D3t2N+A2ngXeonSs80dwOIQ=
github.com/mitchellh/go-homedir v1.1.0 h1:lukF9ziXFxDFPkA1vsr5zpc1XuPDn/wFntq5mG+4E0Y=
github.com/mitchellh/go-homedir v1.1.0/go.mod h1:SfyaCUpYCn1Vlf4IUYiD9fPX4A5wJrkLzIz1N1q0pr0=
